
Microsoft Visual Studio Solution File, Format Version 12.00
# Visual Studio 15
VisualStudioVersion = 15.0.27130.2036
MinimumVisualStudioVersion = 10.0.40219.1
Project("{2150E333-8FDC-42A3-9474-1A3956D46DE8}") = "API", "API", "{71C8791F-31F4-4440-A869-023CE00E825D}"
EndProject
Project("{2150E333-8FDC-42A3-9474-1A3956D46DE8}") = "Giveaway.API", "Giveaway.API", "{0793E9AF-BBE4-4A1B-86E9-6EE755C15197}"
EndProject
Project("{2150E333-8FDC-42A3-9474-1A3956D46DE8}") = "Giveaway.API.Shared", "Giveaway.API.Shared", "{83BBEE15-3E80-443C-8145-DD00515AF577}"
EndProject
Project("{9A19103F-16F7-4668-BE54-9A1E7A4F7556}") = "Giveaway.API.Shared", "API\Giveaway.API.Shared\Giveaway.API.Shared.csproj", "{DF215C5A-895B-4D8C-A6DD-E5B9D172451B}"
EndProject
Project("{9A19103F-16F7-4668-BE54-9A1E7A4F7556}") = "Giveaway.API", "API\Giveaway.API\Giveaway.API.csproj", "{FAB2995C-F9C6-463D-90E5-3D225262149E}"
EndProject
Project("{2150E333-8FDC-42A3-9474-1A3956D46DE8}") = "Service", "Service", "{934AEFD7-3A7D-478B-8FA8-E95AB7FC5016}"
EndProject
Project("{9A19103F-16F7-4668-BE54-9A1E7A4F7556}") = "Giveaway.Service", "Giveaway.Service\Giveaway.Service.csproj", "{16FA1A5F-276D-4514-922E-87B2244A5748}"
EndProject
Project("{2150E333-8FDC-42A3-9474-1A3956D46DE8}") = "Data", "Data", "{ED0CD21C-4853-4CA0-82BB-B180FAE1D23E}"
EndProject
Project("{9A19103F-16F7-4668-BE54-9A1E7A4F7556}") = "Giveaway.Data", "Giveaway.Data\Giveaway.Data.csproj", "{E5818350-D344-4969-BE33-27F560EB2594}"
EndProject
Project("{9A19103F-16F7-4668-BE54-9A1E7A4F7556}") = "Giveaway.Data.EF", "Giveaway.Data,EF\Giveaway.Data.EF.csproj", "{6AED13D2-FF41-4D36-B1F4-0697401B7F2D}"
EndProject
Project("{2150E333-8FDC-42A3-9474-1A3956D46DE8}") = "Util", "Util", "{2D8069F5-62C9-4117-BC19-972C678C08EC}"
EndProject
Project("{9A19103F-16F7-4668-BE54-9A1E7A4F7556}") = "Giveaway.Util", "Giveaway.Util\Giveaway.Util.csproj", "{CEF529B2-60CF-45E9-A09F-5DCEACA3F5D1}"
EndProject
Project("{E53339B2-1760-4266-BCC7-CA923CBCF16C}") = "docker-compose", "docker-compose.dcproj", "{325B8165-F5B2-4AD4-9C68-27159927B230}"
EndProject
Global
	GlobalSection(SolutionConfigurationPlatforms) = preSolution
		Debug|Any CPU = Debug|Any CPU
		Release|Any CPU = Release|Any CPU
	EndGlobalSection
	GlobalSection(ProjectConfigurationPlatforms) = postSolution
		{DF215C5A-895B-4D8C-A6DD-E5B9D172451B}.Debug|Any CPU.ActiveCfg = Debug|Any CPU
		{DF215C5A-895B-4D8C-A6DD-E5B9D172451B}.Debug|Any CPU.Build.0 = Debug|Any CPU
		{DF215C5A-895B-4D8C-A6DD-E5B9D172451B}.Release|Any CPU.ActiveCfg = Release|Any CPU
		{DF215C5A-895B-4D8C-A6DD-E5B9D172451B}.Release|Any CPU.Build.0 = Release|Any CPU
		{FAB2995C-F9C6-463D-90E5-3D225262149E}.Debug|Any CPU.ActiveCfg = Debug|Any CPU
		{FAB2995C-F9C6-463D-90E5-3D225262149E}.Debug|Any CPU.Build.0 = Debug|Any CPU
		{FAB2995C-F9C6-463D-90E5-3D225262149E}.Release|Any CPU.ActiveCfg = Release|Any CPU
		{FAB2995C-F9C6-463D-90E5-3D225262149E}.Release|Any CPU.Build.0 = Release|Any CPU
		{16FA1A5F-276D-4514-922E-87B2244A5748}.Debug|Any CPU.ActiveCfg = Debug|Any CPU
		{16FA1A5F-276D-4514-922E-87B2244A5748}.Debug|Any CPU.Build.0 = Debug|Any CPU
		{16FA1A5F-276D-4514-922E-87B2244A5748}.Release|Any CPU.ActiveCfg = Release|Any CPU
		{16FA1A5F-276D-4514-922E-87B2244A5748}.Release|Any CPU.Build.0 = Release|Any CPU
		{E5818350-D344-4969-BE33-27F560EB2594}.Debug|Any CPU.ActiveCfg = Debug|Any CPU
		{E5818350-D344-4969-BE33-27F560EB2594}.Debug|Any CPU.Build.0 = Debug|Any CPU
		{E5818350-D344-4969-BE33-27F560EB2594}.Release|Any CPU.ActiveCfg = Release|Any CPU
		{E5818350-D344-4969-BE33-27F560EB2594}.Release|Any CPU.Build.0 = Release|Any CPU
		{6AED13D2-FF41-4D36-B1F4-0697401B7F2D}.Debug|Any CPU.ActiveCfg = Debug|Any CPU
		{6AED13D2-FF41-4D36-B1F4-0697401B7F2D}.Debug|Any CPU.Build.0 = Debug|Any CPU
		{6AED13D2-FF41-4D36-B1F4-0697401B7F2D}.Release|Any CPU.ActiveCfg = Release|Any CPU
		{6AED13D2-FF41-4D36-B1F4-0697401B7F2D}.Release|Any CPU.Build.0 = Release|Any CPU
		{CEF529B2-60CF-45E9-A09F-5DCEACA3F5D1}.Debug|Any CPU.ActiveCfg = Debug|Any CPU
		{CEF529B2-60CF-45E9-A09F-5DCEACA3F5D1}.Debug|Any CPU.Build.0 = Debug|Any CPU
		{CEF529B2-60CF-45E9-A09F-5DCEACA3F5D1}.Release|Any CPU.ActiveCfg = Release|Any CPU
		{CEF529B2-60CF-45E9-A09F-5DCEACA3F5D1}.Release|Any CPU.Build.0 = Release|Any CPU
		{325B8165-F5B2-4AD4-9C68-27159927B230}.Debug|Any CPU.ActiveCfg = Debug|Any CPU
		{325B8165-F5B2-4AD4-9C68-27159927B230}.Debug|Any CPU.Build.0 = Debug|Any CPU
		{325B8165-F5B2-4AD4-9C68-27159927B230}.Release|Any CPU.ActiveCfg = Release|Any CPU
		{325B8165-F5B2-4AD4-9C68-27159927B230}.Release|Any CPU.Build.0 = Release|Any CPU
	EndGlobalSection
	GlobalSection(SolutionProperties) = preSolution
		HideSolutionNode = FALSE
	EndGlobalSection
	GlobalSection(NestedProjects) = preSolution
		{0793E9AF-BBE4-4A1B-86E9-6EE755C15197} = {71C8791F-31F4-4440-A869-023CE00E825D}
		{83BBEE15-3E80-443C-8145-DD00515AF577} = {71C8791F-31F4-4440-A869-023CE00E825D}
		{DF215C5A-895B-4D8C-A6DD-E5B9D172451B} = {83BBEE15-3E80-443C-8145-DD00515AF577}
		{FAB2995C-F9C6-463D-90E5-3D225262149E} = {0793E9AF-BBE4-4A1B-86E9-6EE755C15197}
		{16FA1A5F-276D-4514-922E-87B2244A5748} = {934AEFD7-3A7D-478B-8FA8-E95AB7FC5016}
		{E5818350-D344-4969-BE33-27F560EB2594} = {ED0CD21C-4853-4CA0-82BB-B180FAE1D23E}
		{6AED13D2-FF41-4D36-B1F4-0697401B7F2D} = {ED0CD21C-4853-4CA0-82BB-B180FAE1D23E}
		{CEF529B2-60CF-45E9-A09F-5DCEACA3F5D1} = {2D8069F5-62C9-4117-BC19-972C678C08EC}
	EndGlobalSection
	GlobalSection(ExtensibilityGlobals) = postSolution
		SolutionGuid = {5A14D946-52BC-4B5E-8C30-2003FEEC8A07}
	EndGlobalSection
EndGlobal
